
Microsoft Visual Studio Solution File, Format Version 12.00
# Visual Studio Version 17
VisualStudioVersion = 17.11.35219.272
MinimumVisualStudioVersion = 10.0.40219.1
Project("{FAE04EC0-301F-11D3-BF4B-00C04F79EFBC}") = "MyFirstRepo", "MyFirstRepo\MyFirstRepo.csproj", "{05B6747E-C3DD-43A0-9B74-587A5817AFEA}"
EndProject
Global
	GlobalSection(SolutionConfigurationPlatforms) = preSolution
		Debug|Any CPU = Debug|Any CPU
		Release|Any CPU = Release|Any CPU
	EndGlobalSection
	GlobalSection(ProjectConfigurationPlatforms) = postSolution
		{05B6747E-C3DD-43A0-9B74-587A5817AFEA}.Debug|Any CPU.ActiveCfg = Debug|Any CPU
		{05B6747E-C3DD-43A0-9B74-587A5817AFEA}.Debug|Any CPU.Build.0 = Debug|Any CPU
		{05B6747E-C3DD-43A0-9B74-587A5817AFEA}.Release|Any CPU.ActiveCfg = Release|Any CPU
		{05B6747E-C3DD-43A0-9B74-587A5817AFEA}.Release|Any CPU.Build.0 = Release|Any CPU
	EndGlobalSection
	GlobalSection(SolutionProperties) = preSolution
		HideSolutionNode = FALSE
	EndGlobalSection
	GlobalSection(ExtensibilityGlobals) = postSolution
		SolutionGuid = {F3A9456D-A40A-4605-98FF-BF46A2FA65EA}
	EndGlobalSection
EndGlobal
